// !$*UTF8*$!
{
	archiveVersion = 1;
	classes = {
	};
	objectVersion = 48;
	objects = {

/* Begin PBXBuildFile section */
		182F61661FBEB0DC009F4F01 /* AppDelegate.swift in Sources */ = {isa = PBXBuildFile; fileRef = 182F61651FBEB0DC009F4F01 /* AppDelegate.swift */; };
		182F616D1FBEB0DC009F4F01 /* Assets.xcassets in Resources */ = {isa = PBXBuildFile; fileRef = 182F616C1FBEB0DC009F4F01 /* Assets.xcassets */; };
		182F61701FBEB0DC009F4F01 /* LaunchScreen.storyboard in Resources */ = {isa = PBXBuildFile; fileRef = 182F616E1FBEB0DC009F4F01 /* LaunchScreen.storyboard */; };
		182F617B1FBEB0DC009F4F01 /* DYTests.swift in Sources */ = {isa = PBXBuildFile; fileRef = 182F617A1FBEB0DC009F4F01 /* DYTests.swift */; };
		182F619E1FBED5ED009F4F01 /* Live.storyboard in Resources */ = {isa = PBXBuildFile; fileRef = 182F619D1FBED5ED009F4F01 /* Live.storyboard */; };
		182F61A11FBED606009F4F01 /* Follow.storyboard in Resources */ = {isa = PBXBuildFile; fileRef = 182F619F1FBED606009F4F01 /* Follow.storyboard */; };
		182F61A31FBED627009F4F01 /* Mine.storyboard in Resources */ = {isa = PBXBuildFile; fileRef = 182F61A21FBED627009F4F01 /* Mine.storyboard */; };
		1858409A1FC2CB98005CC252 /* ContentScrollView.swift in Sources */ = {isa = PBXBuildFile; fileRef = 185840991FC2CB98005CC252 /* ContentScrollView.swift */; };
		185D39171FC3F4B500132B33 /* UIColor+Extension.swift in Sources */ = {isa = PBXBuildFile; fileRef = 185D39161FC3F4B500132B33 /* UIColor+Extension.swift */; };
		18682A0A1FD106720062D451 /* RecommandHeaderCollectionReusableView.swift in Sources */ = {isa = PBXBuildFile; fileRef = 18682A081FD106720062D451 /* RecommandHeaderCollectionReusableView.swift */; };
		18682A0B1FD106720062D451 /* RecommandHeaderCollectionReusableView.xib in Resources */ = {isa = PBXBuildFile; fileRef = 18682A091FD106720062D451 /* RecommandHeaderCollectionReusableView.xib */; };
		18682A0E1FD129BC0062D451 /* RecommandBeautyCollectionViewCell.swift in Sources */ = {isa = PBXBuildFile; fileRef = 18682A0C1FD129BC0062D451 /* RecommandBeautyCollectionViewCell.swift */; };
		18682A0F1FD129BC0062D451 /* RecommandBeautyCollectionViewCell.xib in Resources */ = {isa = PBXBuildFile; fileRef = 18682A0D1FD129BC0062D451 /* RecommandBeautyCollectionViewCell.xib */; };
		187AF04F1FBFD9B8003825BB /* MainViewController.swift in Sources */ = {isa = PBXBuildFile; fileRef = 187AF04E1FBFD9B8003825BB /* MainViewController.swift */; };
		187AF0551FBFDC2D003825BB /* Home.storyboard in Resources */ = {isa = PBXBuildFile; fileRef = 187AF0531FBFDC2D003825BB /* Home.storyboard */; };
		187AF05B1FBFDCFB003825BB /* Main.storyboard in Resources */ = {isa = PBXBuildFile; fileRef = 187AF0591FBFDCFB003825BB /* Main.storyboard */; };
		187AF05C1FBFE2E3003825BB /* DYUITests.swift in Sources */ = {isa = PBXBuildFile; fileRef = 182F61851FBEB0DC009F4F01 /* DYUITests.swift */; };
		187AF05E1FBFE591003825BB /* HomeViewController.swift in Sources */ = {isa = PBXBuildFile; fileRef = 187AF05D1FBFE591003825BB /* HomeViewController.swift */; };
		187AF0611FC004DB003825BB /* UIBarButtonItem-Extention.swift in Sources */ = {isa = PBXBuildFile; fileRef = 187AF0601FC004DB003825BB /* UIBarButtonItem-Extention.swift */; };
		187AF0631FC012E8003825BB /* PageTitleView.swift in Sources */ = {isa = PBXBuildFile; fileRef = 187AF0621FC012E8003825BB /* PageTitleView.swift */; };
		187AF0651FC0153A003825BB /* Common.swift in Sources */ = {isa = PBXBuildFile; fileRef = 187AF0641FC0153A003825BB /* Common.swift */; };
		18A470631FC7FD7900E33992 /* CommandViewController.swift in Sources */ = {isa = PBXBuildFile; fileRef = 18A470621FC7FD7900E33992 /* CommandViewController.swift */; };
/* End PBXBuildFile section */

/* Begin PBXContainerItemProxy section */
		182F61771FBEB0DC009F4F01 /* PBXContainerItemProxy */ = {
			isa = PBXContainerItemProxy;
			containerPortal = 182F615A1FBEB0DC009F4F01 /* Project object */;
			proxyType = 1;
			remoteGlobalIDString = 182F61611FBEB0DC009F4F01;
			remoteInfo = DY;
		};
		182F61821FBEB0DC009F4F01 /* PBXContainerItemProxy */ = {
			isa = PBXContainerItemProxy;
			containerPortal = 182F615A1FBEB0DC009F4F01 /* Project object */;
			proxyType = 1;
			remoteGlobalIDString = 182F61611FBEB0DC009F4F01;
			remoteInfo = DY;
		};
/* End PBXContainerItemProxy section */

/* Begin PBXFileReference section */
		182F61621FBEB0DC009F4F01 /* DY.app */ = {isa = PBXFileReference; explicitFileType = wrapper.application; includeInIndex = 0; path = DY.app; sourceTree = BUILT_PRODUCTS_DIR; };
		182F61651FBEB0DC009F4F01 /* AppDelegate.swift */ = {isa = PBXFileReference; lastKnownFileType = sourcecode.swift; path = AppDelegate.swift; sourceTree = "<group>"; };
		182F616C1FBEB0DC009F4F01 /* Assets.xcassets */ = {isa = PBXFileReference; lastKnownFileType = folder.assetcatalog; path = Assets.xcassets; sourceTree = "<group>"; };
		182F616F1FBEB0DC009F4F01 /* Base */ = {isa = PBXFileReference; lastKnownFileType = file.storyboard; name = Base; path = Base.lproj/LaunchScreen.storyboard; sourceTree = "<group>"; };
		182F61711FBEB0DC009F4F01 /* Info.plist */ = {isa = PBXFileReference; lastKnownFileType = text.plist.xml; path = Info.plist; sourceTree = "<group>"; };
		182F61761FBEB0DC009F4F01 /* DYTests.xctest */ = {isa = PBXFileReference; explicitFileType = wrapper.cfbundle; includeInIndex = 0; path = DYTests.xctest; sourceTree = BUILT_PRODUCTS_DIR; };
		182F617A1FBEB0DC009F4F01 /* DYTests.swift */ = {isa = PBXFileReference; lastKnownFileType = sourcecode.swift; path = DYTests.swift; sourceTree = "<group>"; };
		182F617C1FBEB0DC009F4F01 /* Info.plist */ = {isa = PBXFileReference; lastKnownFileType = text.plist.xml; path = Info.plist; sourceTree = "<group>"; };
		182F61811FBEB0DC009F4F01 /* DYUITests.xctest */ = {isa = PBXFileReference; explicitFileType = wrapper.cfbundle; includeInIndex = 0; path = DYUITests.xctest; sourceTree = BUILT_PRODUCTS_DIR; };
		182F61851FBEB0DC009F4F01 /* DYUITests.swift */ = {isa = PBXFileReference; lastKnownFileType = sourcecode.swift; path = DYUITests.swift; sourceTree = "<group>"; };
		182F61871FBEB0DC009F4F01 /* Info.plist */ = {isa = PBXFileReference; lastKnownFileType = text.plist.xml; path = Info.plist; sourceTree = "<group>"; };
		182F619D1FBED5ED009F4F01 /* Live.storyboard */ = {isa = PBXFileReference; fileEncoding = 4; lastKnownFileType = file.storyboard; path = Live.storyboard; sourceTree = "<group>"; };
		182F61A01FBED606009F4F01 /* Base */ = {isa = PBXFileReference; lastKnownFileType = file.storyboard; name = Base; path = DY/Base.lproj/Follow.storyboard; sourceTree = "<group>"; };
		182F61A21FBED627009F4F01 /* Mine.storyboard */ = {isa = PBXFileReference; fileEncoding = 4; lastKnownFileType = file.storyboard; path = Mine.storyboard; sourceTree = "<group>"; };
		185840991FC2CB98005CC252 /* ContentScrollView.swift */ = {isa = PBXFileReference; lastKnownFileType = sourcecode.swift; path = ContentScrollView.swift; sourceTree = "<group>"; };
		185D39161FC3F4B500132B33 /* UIColor+Extension.swift */ = {isa = PBXFileReference; lastKnownFileType = sourcecode.swift; path = "UIColor+Extension.swift"; sourceTree = "<group>"; };
		18682A081FD106720062D451 /* RecommandHeaderCollectionReusableView.swift */ = {isa = PBXFileReference; lastKnownFileType = sourcecode.swift; path = RecommandHeaderCollectionReusableView.swift; sourceTree = "<group>"; };
		18682A091FD106720062D451 /* RecommandHeaderCollectionReusableView.xib */ = {isa = PBXFileReference; lastKnownFileType = file.xib; path = RecommandHeaderCollectionReusableView.xib; sourceTree = "<group>"; };
		18682A0C1FD129BC0062D451 /* RecommandBeautyCollectionViewCell.swift */ = {isa = PBXFileReference; lastKnownFileType = sourcecode.swift; path = RecommandBeautyCollectionViewCell.swift; sourceTree = "<group>"; };
		18682A0D1FD129BC0062D451 /* RecommandBeautyCollectionViewCell.xib */ = {isa = PBXFileReference; lastKnownFileType = file.xib; path = RecommandBeautyCollectionViewCell.xib; sourceTree = "<group>"; };
		187AF04E1FBFD9B8003825BB /* MainViewController.swift */ = {isa = PBXFileReference; lastKnownFileType = sourcecode.swift; path = MainViewController.swift; sourceTree = "<group>"; };
		187AF0541FBFDC2D003825BB /* Base */ = {isa = PBXFileReference; lastKnownFileType = file.storyboard; name = Base; path = DY/Base.lproj/Home.storyboard; sourceTree = "<group>"; };
		187AF05A1FBFDCFB003825BB /* Base */ = {isa = PBXFileReference; lastKnownFileType = file.storyboard; name = Base; path = Base.lproj/Main.storyboard; sourceTree = "<group>"; };
		187AF05D1FBFE591003825BB /* HomeViewController.swift */ = {isa = PBXFileReference; lastKnownFileType = sourcecode.swift; path = HomeViewController.swift; sourceTree = "<group>"; };
		187AF0601FC004DB003825BB /* UIBarButtonItem-Extention.swift */ = {isa = PBXFileReference; lastKnownFileType = sourcecode.swift; path = "UIBarButtonItem-Extention.swift"; sourceTree = "<group>"; };
		187AF0621FC012E8003825BB /* PageTitleView.swift */ = {isa = PBXFileReference; lastKnownFileType = sourcecode.swift; path = PageTitleView.swift; sourceTree = "<group>"; };
		187AF0641FC0153A003825BB /* Common.swift */ = {isa = PBXFileReference; lastKnownFileType = sourcecode.swift; path = Common.swift; sourceTree = "<group>"; };
		18A470621FC7FD7900E33992 /* CommandViewController.swift */ = {isa = PBXFileReference; lastKnownFileType = sourcecode.swift; path = CommandViewController.swift; sourceTree = "<group>"; };
/* End PBXFileReference section */

/* Begin PBXFrameworksBuildPhase section */
		182F615F1FBEB0DC009F4F01 /* Frameworks */ = {
			isa = PBXFrameworksBuildPhase;
			buildActionMask = 2147483647;
			files = (
			);
			runOnlyForDeploymentPostprocessing = 0;
		};
		182F61731FBEB0DC009F4F01 /* Frameworks */ = {
			isa = PBXFrameworksBuildPhase;
			buildActionMask = 2147483647;
			files = (
			);
			runOnlyForDeploymentPostprocessing = 0;
		};
		182F617E1FBEB0DC009F4F01 /* Frameworks */ = {
			isa = PBXFrameworksBuildPhase;
			buildActionMask = 2147483647;
			files = (
			);
			runOnlyForDeploymentPostprocessing = 0;
		};
/* End PBXFrameworksBuildPhase section */

/* Begin PBXGroup section */
		182F61591FBEB0DC009F4F01 = {
			isa = PBXGroup;
			children = (
				182F61641FBEB0DC009F4F01 /* DY */,
				182F61791FBEB0DC009F4F01 /* DYTests */,
				182F61841FBEB0DC009F4F01 /* DYUITests */,
				182F61631FBEB0DC009F4F01 /* Products */,
			);
			sourceTree = "<group>";
		};
		182F61631FBEB0DC009F4F01 /* Products */ = {
			isa = PBXGroup;
			children = (
				182F61621FBEB0DC009F4F01 /* DY.app */,
				182F61761FBEB0DC009F4F01 /* DYTests.xctest */,
				182F61811FBEB0DC009F4F01 /* DYUITests.xctest */,
			);
			name = Products;
			sourceTree = "<group>";
		};
		182F61641FBEB0DC009F4F01 /* DY */ = {
			isa = PBXGroup;
			children = (
				182F61651FBEB0DC009F4F01 /* AppDelegate.swift */,
				182F61941FBEB66A009F4F01 /* Classes */,
				182F61931FBEB5FC009F4F01 /* Tools */,
				182F616C1FBEB0DC009F4F01 /* Assets.xcassets */,
				182F616E1FBEB0DC009F4F01 /* LaunchScreen.storyboard */,
				182F61711FBEB0DC009F4F01 /* Info.plist */,
			);
			path = DY;
			sourceTree = "<group>";
		};
		182F61791FBEB0DC009F4F01 /* DYTests */ = {
			isa = PBXGroup;
			children = (
				182F617A1FBEB0DC009F4F01 /* DYTests.swift */,
				182F61851FBEB0DC009F4F01 /* DYUITests.swift */,
				182F617C1FBEB0DC009F4F01 /* Info.plist */,
			);
			path = DYTests;
			sourceTree = "<group>";
		};
		182F61841FBEB0DC009F4F01 /* DYUITests */ = {
			isa = PBXGroup;
			children = (
				182F61871FBEB0DC009F4F01 /* Info.plist */,
			);
			path = DYUITests;
			sourceTree = "<group>";
		};
		182F61931FBEB5FC009F4F01 /* Tools */ = {
			isa = PBXGroup;
			children = (
				187AF0641FC0153A003825BB /* Common.swift */,
			);
			path = Tools;
			sourceTree = "<group>";
		};
		182F61941FBEB66A009F4F01 /* Classes */ = {
			isa = PBXGroup;
			children = (
				187AF05F1FC004A3003825BB /* Extension */,
				182F61951FBEB66A009F4F01 /* Follow */,
				182F61961FBEB66A009F4F01 /* Home */,
				182F61971FBEB66A009F4F01 /* Live */,
				182F61981FBEB66A009F4F01 /* Main */,
				182F61991FBEB66A009F4F01 /* Profile */,
			);
			path = Classes;
			sourceTree = "<group>";
		};
		182F61951FBEB66A009F4F01 /* Follow */ = {
			isa = PBXGroup;
			children = (
				182F619F1FBED606009F4F01 /* Follow.storyboard */,
			);
			path = Follow;
			sourceTree = "<group>";
		};
		182F61961FBEB66A009F4F01 /* Home */ = {
			isa = PBXGroup;
			children = (
				187AF0501FBFDBC3003825BB /* Controller */,
				187AF0511FBFDBC3003825BB /* Model */,
				187AF0521FBFDBC3003825BB /* View */,
			);
			path = Home;
			sourceTree = "<group>";
		};
		182F61971FBEB66A009F4F01 /* Live */ = {
			isa = PBXGroup;
			children = (
				182F619D1FBED5ED009F4F01 /* Live.storyboard */,
			);
			path = Live;
			sourceTree = "<group>";
		};
		182F61981FBEB66A009F4F01 /* Main */ = {
			isa = PBXGroup;
			children = (
				187AF0581FBFDC9E003825BB /* Controller */,
				187AF0561FBFDC9E003825BB /* Model */,
				187AF0571FBFDC9E003825BB /* View */,
			);
			path = Main;
			sourceTree = "<group>";
		};
		182F61991FBEB66A009F4F01 /* Profile */ = {
			isa = PBXGroup;
			children = (
				182F61A21FBED627009F4F01 /* Mine.storyboard */,
			);
			path = Profile;
			sourceTree = "<group>";
		};
		187AF0501FBFDBC3003825BB /* Controller */ = {
			isa = PBXGroup;
			children = (
				185840991FC2CB98005CC252 /* ContentScrollView.swift */,
				187AF05D1FBFE591003825BB /* HomeViewController.swift */,
				187AF0531FBFDC2D003825BB /* Home.storyboard */,
				18A470621FC7FD7900E33992 /* CommandViewController.swift */,
			);
			path = Controller;
			sourceTree = "<group>";
		};
		187AF0511FBFDBC3003825BB /* Model */ = {
			isa = PBXGroup;
			children = (
			);
			path = Model;
			sourceTree = "<group>";
		};
		187AF0521FBFDBC3003825BB /* View */ = {
			isa = PBXGroup;
			children = (
				187AF0621FC012E8003825BB /* PageTitleView.swift */,
				18682A081FD106720062D451 /* RecommandHeaderCollectionReusableView.swift */,
				18682A091FD106720062D451 /* RecommandHeaderCollectionReusableView.xib */,
				18682A0C1FD129BC0062D451 /* RecommandBeautyCollectionViewCell.swift */,
				18682A0D1FD129BC0062D451 /* RecommandBeautyCollectionViewCell.xib */,
			);
			path = View;
			sourceTree = "<group>";
		};
		187AF0561FBFDC9E003825BB /* Model */ = {
			isa = PBXGroup;
			children = (
			);
			path = Model;
			sourceTree = "<group>";
		};
		187AF0571FBFDC9E003825BB /* View */ = {
			isa = PBXGroup;
			children = (
			);
			path = View;
			sourceTree = "<group>";
		};
		187AF0581FBFDC9E003825BB /* Controller */ = {
			isa = PBXGroup;
			children = (
				187AF04E1FBFD9B8003825BB /* MainViewController.swift */,
				187AF0591FBFDCFB003825BB /* Main.storyboard */,
			);
			path = Controller;
			sourceTree = "<group>";
		};
		187AF05F1FC004A3003825BB /* Extension */ = {
			isa = PBXGroup;
			children = (
				187AF0601FC004DB003825BB /* UIBarButtonItem-Extention.swift */,
				185D39161FC3F4B500132B33 /* UIColor+Extension.swift */,
			);
			path = Extension;
			sourceTree = "<group>";
		};
/* End PBXGroup section */

/* Begin PBXNativeTarget section */
		182F61611FBEB0DC009F4F01 /* DY */ = {
			isa = PBXNativeTarget;
			buildConfigurationList = 182F618A1FBEB0DC009F4F01 /* Build configuration list for PBXNativeTarget "DY" */;
			buildPhases = (
				182F615E1FBEB0DC009F4F01 /* Sources */,
				182F615F1FBEB0DC009F4F01 /* Frameworks */,
				182F61601FBEB0DC009F4F01 /* Resources */,
			);
			buildRules = (
			);
			dependencies = (
			);
			name = DY;
			productName = DY;
			productReference = 182F61621FBEB0DC009F4F01 /* DY.app */;
			productType = "com.apple.product-type.application";
		};
		182F61751FBEB0DC009F4F01 /* DYTests */ = {
			isa = PBXNativeTarget;
			buildConfigurationList = 182F618D1FBEB0DC009F4F01 /* Build configuration list for PBXNativeTarget "DYTests" */;
			buildPhases = (
				182F61721FBEB0DC009F4F01 /* Sources */,
				182F61731FBEB0DC009F4F01 /* Frameworks */,
				182F61741FBEB0DC009F4F01 /* Resources */,
			);
			buildRules = (
			);
			dependencies = (
				182F61781FBEB0DC009F4F01 /* PBXTargetDependency */,
			);
			name = DYTests;
			productName = DYTests;
			productReference = 182F61761FBEB0DC009F4F01 /* DYTests.xctest */;
			productType = "com.apple.product-type.bundle.unit-test";
		};
		182F61801FBEB0DC009F4F01 /* DYUITests */ = {
			isa = PBXNativeTarget;
			buildConfigurationList = 182F61901FBEB0DC009F4F01 /* Build configuration list for PBXNativeTarget "DYUITests" */;
			buildPhases = (
				182F617D1FBEB0DC009F4F01 /* Sources */,
				182F617E1FBEB0DC009F4F01 /* Frameworks */,
				182F617F1FBEB0DC009F4F01 /* Resources */,
			);
			buildRules = (
			);
			dependencies = (
				182F61831FBEB0DC009F4F01 /* PBXTargetDependency */,
			);
			name = DYUITests;
			productName = DYUITests;
			productReference = 182F61811FBEB0DC009F4F01 /* DYUITests.xctest */;
			productType = "com.apple.product-type.bundle.ui-testing";
		};
/* End PBXNativeTarget section */

/* Begin PBXProject section */
		182F615A1FBEB0DC009F4F01 /* Project object */ = {
			isa = PBXProject;
			attributes = {
				LastSwiftUpdateCheck = 0900;
				LastUpgradeCheck = 0900;
				ORGANIZATIONNAME = com.wmhVender.WeiMeiHui;
				TargetAttributes = {
					182F61611FBEB0DC009F4F01 = {
						CreatedOnToolsVersion = 9.0;
						ProvisioningStyle = Automatic;
					};
					182F61751FBEB0DC009F4F01 = {
						CreatedOnToolsVersion = 9.0;
						ProvisioningStyle = Automatic;
						TestTargetID = 182F61611FBEB0DC009F4F01;
					};
					182F61801FBEB0DC009F4F01 = {
						CreatedOnToolsVersion = 9.0;
						ProvisioningStyle = Automatic;
						TestTargetID = 182F61611FBEB0DC009F4F01;
					};
				};
			};
			buildConfigurationList = 182F615D1FBEB0DC009F4F01 /* Build configuration list for PBXProject "DY" */;
			compatibilityVersion = "Xcode 8.0";
			developmentRegion = en;
			hasScannedForEncodings = 0;
			knownRegions = (
				en,
				Base,
			);
			mainGroup = 182F61591FBEB0DC009F4F01;
			productRefGroup = 182F61631FBEB0DC009F4F01 /* Products */;
			projectDirPath = "";
			projectRoot = "";
			targets = (
				182F61611FBEB0DC009F4F01 /* DY */,
				182F61751FBEB0DC009F4F01 /* DYTests */,
				182F61801FBEB0DC009F4F01 /* DYUITests */,
			);
		};
/* End PBXProject section */

/* Begin PBXResourcesBuildPhase section */
		182F61601FBEB0DC009F4F01 /* Resources */ = {
			isa = PBXResourcesBuildPhase;
			buildActionMask = 2147483647;
			files = (
				187AF05B1FBFDCFB003825BB /* Main.storyboard in Resources */,
				182F61701FBEB0DC009F4F01 /* LaunchScreen.storyboard in Resources */,
				18682A0F1FD129BC0062D451 /* RecommandBeautyCollectionViewCell.xib in Resources */,
				182F616D1FBEB0DC009F4F01 /* Assets.xcassets in Resources */,
				18682A0B1FD106720062D451 /* RecommandHeaderCollectionReusableView.xib in Resources */,
				182F619E1FBED5ED009F4F01 /* Live.storyboard in Resources */,
				182F61A31FBED627009F4F01 /* Mine.storyboard in Resources */,
				182F61A11FBED606009F4F01 /* Follow.storyboard in Resources */,
				187AF0551FBFDC2D003825BB /* Home.storyboard in Resources */,
			);
			runOnlyForDeploymentPostprocessing = 0;
		};
		182F61741FBEB0DC009F4F01 /* Resources */ = {
			isa = PBXResourcesBuildPhase;
			buildActionMask = 2147483647;
			files = (
			);
			runOnlyForDeploymentPostprocessing = 0;
		};
		182F617F1FBEB0DC009F4F01 /* Resources */ = {
			isa = PBXResourcesBuildPhase;
			buildActionMask = 2147483647;
			files = (
			);
			runOnlyForDeploymentPostprocessing = 0;
		};
/* End PBXResourcesBuildPhase section */

/* Begin PBXSourcesBuildPhase section */
		182F615E1FBEB0DC009F4F01 /* Sources */ = {
			isa = PBXSourcesBuildPhase;
			buildActionMask = 2147483647;
			files = (
				182F61661FBEB0DC009F4F01 /* AppDelegate.swift in Sources */,
				18682A0A1FD106720062D451 /* RecommandHeaderCollectionReusableView.swift in Sources */,
				187AF04F1FBFD9B8003825BB /* MainViewController.swift in Sources */,
				187AF0631FC012E8003825BB /* PageTitleView.swift in Sources */,
				187AF05E1FBFE591003825BB /* HomeViewController.swift in Sources */,
				187AF0651FC0153A003825BB /* Common.swift in Sources */,
				1858409A1FC2CB98005CC252 /* ContentScrollView.swift in Sources */,
				187AF0611FC004DB003825BB /* UIBarButtonItem-Extention.swift in Sources */,
				18682A0E1FD129BC0062D451 /* RecommandBeautyCollectionViewCell.swift in Sources */,
				18A470631FC7FD7900E33992 /* CommandViewController.swift in Sources */,
				185D39171FC3F4B500132B33 /* UIColor+Extension.swift in Sources */,
			);
			runOnlyForDeploymentPostprocessing = 0;
		};
		182F61721FBEB0DC009F4F01 /* Sources */ = {
			isa = PBXSourcesBuildPhase;
			buildActionMask = 2147483647;
			files = (
				187AF05C1FBFE2E3003825BB /* DYUITests.swift in Sources */,
				182F617B1FBEB0DC009F4F01 /* DYTests.swift in Sources */,
			);
			runOnlyForDeploymentPostprocessing = 0;
		};
		182F617D1FBEB0DC009F4F01 /* Sources */ = {
			isa = PBXSourcesBuildPhase;
			buildActionMask = 2147483647;
			files = (
			);
			runOnlyForDeploymentPostprocessing = 0;
		};
/* End PBXSourcesBuildPhase section */

/* Begin PBXTargetDependency section */
		182F61781FBEB0DC009F4F01 /* PBXTargetDependency */ = {
			isa = PBXTargetDependency;
			target = 182F61611FBEB0DC009F4F01 /* DY */;
			targetProxy = 182F61771FBEB0DC009F4F01 /* PBXContainerItemProxy */;
		};
		182F61831FBEB0DC009F4F01 /* PBXTargetDependency */ = {
			isa = PBXTargetDependency;
			target = 182F61611FBEB0DC009F4F01 /* DY */;
			targetProxy = 182F61821FBEB0DC009F4F01 /* PBXContainerItemProxy */;
		};
/* End PBXTargetDependency section */

/* Begin PBXVariantGroup section */
		182F616E1FBEB0DC009F4F01 /* LaunchScreen.storyboard */ = {
			isa = PBXVariantGroup;
			children = (
				182F616F1FBEB0DC009F4F01 /* Base */,
			);
			name = LaunchScreen.storyboard;
			sourceTree = "<group>";
		};
		182F619F1FBED606009F4F01 /* Follow.storyboard */ = {
			isa = PBXVariantGroup;
			children = (
				182F61A01FBED606009F4F01 /* Base */,
			);
			name = Follow.storyboard;
			sourceTree = "<group>";
		};
		187AF0531FBFDC2D003825BB /* Home.storyboard */ = {
			isa = PBXVariantGroup;
			children = (
				187AF0541FBFDC2D003825BB /* Base */,
			);
			name = Home.storyboard;
			sourceTree = "<group>";
		};
		187AF0591FBFDCFB003825BB /* Main.storyboard */ = {
			isa = PBXVariantGroup;
			children = (
				187AF05A1FBFDCFB003825BB /* Base */,
			);
			name = Main.storyboard;
			sourceTree = "<group>";
		};
/* End PBXVariantGroup section */

/* Begin XCBuildConfiguration section */
		182F61881FBEB0DC009F4F01 /* Debug */ = {
			isa = XCBuildConfiguration;
			buildSettings = {
				ALWAYS_SEARCH_USER_PATHS = NO;
				CLANG_ANALYZER_NONNULL = YES;
				CLANG_ANALYZER_NUMBER_OBJECT_CONVERSION = YES_AGGRESSIVE;
				CLANG_CXX_LANGUAGE_STANDARD = "gnu++14";
				CLANG_CXX_LIBRARY = "libc++";
				CLANG_ENABLE_MODULES = YES;
				CLANG_ENABLE_OBJC_ARC = YES;
				CLANG_WARN_BLOCK_CAPTURE_AUTORELEASING = YES;
				CLANG_WARN_BOOL_CONVERSION = YES;
				CLANG_WARN_COMMA = YES;
				CLANG_WARN_CONSTANT_CONVERSION = YES;
				CLANG_WARN_DIRECT_OBJC_ISA_USAGE = YES_ERROR;
				CLANG_WARN_DOCUMENTATION_COMMENTS = YES;
				CLANG_WARN_EMPTY_BODY = YES;
				CLANG_WARN_ENUM_CONVERSION = YES;
				CLANG_WARN_INFINITE_RECURSION = YES;
				CLANG_WARN_INT_CONVERSION = YES;
				CLANG_WARN_NON_LITERAL_NULL_CONVERSION = YES;
				CLANG_WARN_OBJC_LITERAL_CONVERSION = YES;
				CLANG_WARN_OBJC_ROOT_CLASS = YES_ERROR;
				CLANG_WARN_RANGE_LOOP_ANALYSIS = YES;
				CLANG_WARN_STRICT_PROTOTYPES = YES;
				CLANG_WARN_SUSPICIOUS_MOVE = YES;
				CLANG_WARN_UNGUARDED_AVAILABILITY = YES_AGGRESSIVE;
				CLANG_WARN_UNREACHABLE_CODE = YES;
				CLANG_WARN__DUPLICATE_METHOD_MATCH = YES;
				CODE_SIGN_IDENTITY = "iPhone Developer";
				COPY_PHASE_STRIP = NO;
				DEBUG_INFORMATION_FORMAT = dwarf;
				ENABLE_STRICT_OBJC_MSGSEND = YES;
				ENABLE_TESTABILITY = YES;
				GCC_C_LANGUAGE_STANDARD = gnu11;
				GCC_DYNAMIC_NO_PIC = NO;
				GCC_NO_COMMON_BLOCKS = YES;
				GCC_OPTIMIZATION_LEVEL = 0;
				GCC_PREPROCESSOR_DEFINITIONS = (
					"DEBUG=1",
					"$(inherited)",
				);
				GCC_WARN_64_TO_32_BIT_CONVERSION = YES;
				GCC_WARN_ABOUT_RETURN_TYPE = YES_ERROR;
				GCC_WARN_UNDECLARED_SELECTOR = YES;
				GCC_WARN_UNINITIALIZED_AUTOS = YES_AGGRESSIVE;
				GCC_WARN_UNUSED_FUNCTION = YES;
				GCC_WARN_UNUSED_VARIABLE = YES;
				IPHONEOS_DEPLOYMENT_TARGET = 11.0;
				MTL_ENABLE_DEBUG_INFO = YES;
				ONLY_ACTIVE_ARCH = YES;
				SDKROOT = iphoneos;
				SWIFT_ACTIVE_COMPILATION_CONDITIONS = DEBUG;
				SWIFT_OPTIMIZATION_LEVEL = "-Onone";
			};
			name = Debug;
		};
		182F61891FBEB0DC009F4F01 /* Release */ = {
			isa = XCBuildConfiguration;
			buildSettings = {
				ALWAYS_SEARCH_USER_PATHS = NO;
				CLANG_ANALYZER_NONNULL = YES;
				CLANG_ANALYZER_NUMBER_OBJECT_CONVERSION = YES_AGGRESSIVE;
				CLANG_CXX_LANGUAGE_STANDARD = "gnu++14";
				CLANG_CXX_LIBRARY = "libc++";
				CLANG_ENABLE_MODULES = YES;
				CLANG_ENABLE_OBJC_ARC = YES;
				CLANG_WARN_BLOCK_CAPTURE_AUTORELEASING = YES;
				CLANG_WARN_BOOL_CONVERSION = YES;
				CLANG_WARN_COMMA = YES;
				CLANG_WARN_CONSTANT_CONVERSION = YES;
				CLANG_WARN_DIRECT_OBJC_ISA_USAGE = YES_ERROR;
				CLANG_WARN_DOCUMENTATION_COMMENTS = YES;
				CLANG_WARN_EMPTY_BODY = YES;
				CLANG_WARN_ENUM_CONVERSION = YES;
				CLANG_WARN_INFINITE_RECURSION = YES;
				CLANG_WARN_INT_CONVERSION = YES;
				CLANG_WARN_NON_LITERAL_NULL_CONVERSION = YES;
				CLANG_WARN_OBJC_LITERAL_CONVERSION = YES;
				CLANG_WARN_OBJC_ROOT_CLASS = YES_ERROR;
				CLANG_WARN_RANGE_LOOP_ANALYSIS = YES;
				CLANG_WARN_STRICT_PROTOTYPES = YES;
				CLANG_WARN_SUSPICIOUS_MOVE = YES;
				CLANG_WARN_UNGUARDED_AVAILABILITY = YES_AGGRESSIVE;
				CLANG_WARN_UNREACHABLE_CODE = YES;
				CLANG_WARN__DUPLICATE_METHOD_MATCH = YES;
				CODE_SIGN_IDENTITY = "iPhone Developer";
				COPY_PHASE_STRIP = NO;
				DEBUG_INFORMATION_FORMAT = "dwarf-with-dsym";
				ENABLE_NS_ASSERTIONS = NO;
				ENABLE_STRICT_OBJC_MSGSEND = YES;
				GCC_C_LANGUAGE_STANDARD = gnu11;
				GCC_NO_COMMON_BLOCKS = YES;
				GCC_WARN_64_TO_32_BIT_CONVERSION = YES;
				GCC_WARN_ABOUT_RETURN_TYPE = YES_ERROR;
				GCC_WARN_UNDECLARED_SELECTOR = YES;
				GCC_WARN_UNINITIALIZED_AUTOS = YES_AGGRESSIVE;
				GCC_WARN_UNUSED_FUNCTION = YES;
				GCC_WARN_UNUSED_VARIABLE = YES;
				IPHONEOS_DEPLOYMENT_TARGET = 11.0;
				MTL_ENABLE_DEBUG_INFO = NO;
				SDKROOT = iphoneos;
				SWIFT_OPTIMIZATION_LEVEL = "-Owholemodule";
				VALIDATE_PRODUCT = YES;
			};
			name = Release;
		};
		182F618B1FBEB0DC009F4F01 /* Debug */ = {
			isa = XCBuildConfiguration;
			buildSettings = {
				ASSETCATALOG_COMPILER_APPICON_NAME = AppIcon;
				CODE_SIGN_STYLE = Automatic;
				DEVELOPMENT_TEAM = D5WY78VRFQ;
				INFOPLIST_FILE = DY/Info.plist;
				IPHONEOS_DEPLOYMENT_TARGET = 8.0;
				LD_RUNPATH_SEARCH_PATHS = "$(inherited) @executable_path/Frameworks";
				PRODUCT_BUNDLE_IDENTIFIER = com.wmhVender.WeiMeiHui.DY;
				PRODUCT_NAME = "$(TARGET_NAME)";
				SWIFT_VERSION = 4.0;
				TARGETED_DEVICE_FAMILY = 1;
			};
			name = Debug;
		};
		182F618C1FBEB0DC009F4F01 /* Release */ = {
			isa = XCBuildConfiguration;
			buildSettings = {
				ASSETCATALOG_COMPILER_APPICON_NAME = AppIcon;
				CODE_SIGN_STYLE = Automatic;
				DEVELOPMENT_TEAM = D5WY78VRFQ;
				INFOPLIST_FILE = DY/Info.plist;
				IPHONEOS_DEPLOYMENT_TARGET = 8.0;
				LD_RUNPATH_SEARCH_PATHS = "$(inherited) @executable_path/Frameworks";
				PRODUCT_BUNDLE_IDENTIFIER = com.wmhVender.WeiMeiHui.DY;
				PRODUCT_NAME = "$(TARGET_NAME)";
				SWIFT_VERSION = 4.0;
				TARGETED_DEVICE_FAMILY = 1;
			};
			name = Release;
		};
		182F618E1FBEB0DC009F4F01 /* Debug */ = {
			isa = XCBuildConfiguration;
			buildSettings = {
				ALWAYS_EMBED_SWIFT_STANDARD_LIBRARIES = YES;
				BUNDLE_LOADER = "$(TEST_HOST)";
				CODE_SIGN_STYLE = Automatic;
				DEVELOPMENT_TEAM = D5WY78VRFQ;
				INFOPLIST_FILE = DYTests/Info.plist;
				LD_RUNPATH_SEARCH_PATHS = "$(inherited) @executable_path/Frameworks @loader_path/Frameworks";
				PRODUCT_BUNDLE_IDENTIFIER = com.wmhVender.WeiMeiHui.DYTests;
				PRODUCT_NAME = "$(TARGET_NAME)";
				SWIFT_VERSION = 4.0;
				TARGETED_DEVICE_FAMILY = "1,2";
				TEST_HOST = "$(BUILT_PRODUCTS_DIR)/DY.app/DY";
			};
			name = Debug;
		};
		182F618F1FBEB0DC009F4F01 /* Release */ = {
			isa = XCBuildConfiguration;
			buildSettings = {
				ALWAYS_EMBED_SWIFT_STANDARD_LIBRARIES = YES;
				BUNDLE_LOADER = "$(TEST_HOST)";
				CODE_SIGN_STYLE = Automatic;
				DEVELOPMENT_TEAM = D5WY78VRFQ;
				INFOPLIST_FILE = DYTests/Info.plist;
				LD_RUNPATH_SEARCH_PATHS = "$(inherited) @executable_path/Frameworks @loader_path/Frameworks";
				PRODUCT_BUNDLE_IDENTIFIER = com.wmhVender.WeiMeiHui.DYTests;
				PRODUCT_NAME = "$(TARGET_NAME)";
				SWIFT_VERSION = 4.0;
				TARGETED_DEVICE_FAMILY = "1,2";
				TEST_HOST = "$(BUILT_PRODUCTS_DIR)/DY.app/DY";
			};
			name = Release;
		};
		182F61911FBEB0DC009F4F01 /* Debug */ = {
			isa = XCBuildConfiguration;
			buildSettings = {
				ALWAYS_EMBED_SWIFT_STANDARD_LIBRARIES = YES;
				CODE_SIGN_STYLE = Automatic;
				DEVELOPMENT_TEAM = D5WY78VRFQ;
				INFOPLIST_FILE = DYUITests/Info.plist;
				LD_RUNPATH_SEARCH_PATHS = "$(inherited) @executable_path/Frameworks @loader_path/Frameworks";
				PRODUCT_BUNDLE_IDENTIFIER = com.wmhVender.WeiMeiHui.DYUITests;
				PRODUCT_NAME = "$(TARGET_NAME)";
				SWIFT_VERSION = 4.0;
				TARGETED_DEVICE_FAMILY = "1,2";
				TEST_TARGET_NAME = DY;
			};
			name = Debug;
		};
		182F61921FBEB0DC009F4F01 /* Release */ = {
			isa = XCBuildConfiguration;
			buildSettings = {
				ALWAYS_EMBED_SWIFT_STANDARD_LIBRARIES = YES;
				CODE_SIGN_STYLE = Automatic;
				DEVELOPMENT_TEAM = D5WY78VRFQ;
				INFOPLIST_FILE = DYUITests/Info.plist;
				LD_RUNPATH_SEARCH_PATHS = "$(inherited) @executable_path/Frameworks @loader_path/Frameworks";
				PRODUCT_BUNDLE_IDENTIFIER = com.wmhVender.WeiMeiHui.DYUITests;
				PRODUCT_NAME = "$(TARGET_NAME)";
				SWIFT_VERSION = 4.0;
				TARGETED_DEVICE_FAMILY = "1,2";
				TEST_TARGET_NAME = DY;
			};
			name = Release;
		};
/* End XCBuildConfiguration section */

/* Begin XCConfigurationList section */
		182F615D1FBEB0DC009F4F01 /* Build configuration list for PBXProject "DY" */ = {
			isa = XCConfigurationList;
			buildConfigurations = (
				182F61881FBEB0DC009F4F01 /* Debug */,
				182F61891FBEB0DC009F4F01 /* Release */,
			);
			defaultConfigurationIsVisible = 0;
			defaultConfigurationName = Release;
		};
		182F618A1FBEB0DC009F4F01 /* Build configuration list for PBXNativeTarget "DY" */ = {
			isa = XCConfigurationList;
			buildConfigurations = (
				182F618B1FBEB0DC009F4F01 /* Debug */,
				182F618C1FBEB0DC009F4F01 /* Release */,
			);
			defaultConfigurationIsVisible = 0;
			defaultConfigurationName = Release;
		};
		182F618D1FBEB0DC009F4F01 /* Build configuration list for PBXNativeTarget "DYTests" */ = {
			isa = XCConfigurationList;
			buildConfigurations = (
				182F618E1FBEB0DC009F4F01 /* Debug */,
				182F618F1FBEB0DC009F4F01 /* Release */,
			);
			defaultConfigurationIsVisible = 0;
			defaultConfigurationName = Release;
		};
		182F61901FBEB0DC009F4F01 /* Build configuration list for PBXNativeTarget "DYUITests" */ = {
			isa = XCConfigurationList;
			buildConfigurations = (
				182F61911FBEB0DC009F4F01 /* Debug */,
				182F61921FBEB0DC009F4F01 /* Release */,
			);
			defaultConfigurationIsVisible = 0;
			defaultConfigurationName = Release;
		};
/* End XCConfigurationList section */
	};
	rootObject = 182F615A1FBEB0DC009F4F01 /* Project object */;
}
